<?xml version="1.0" encoding="utf-8"?>
<Project ToolsVersion="4.0" xmlns="http://schemas.microsoft.com/developer/msbuild/2003">
  <ItemGroup>
    <Filter Include="ソース ファイル">
      <UniqueIdentifier>{4FC737F1-C7A5-4376-A066-2A32D752A2FF}</UniqueIdentifier>
      <Extensions>cpp;c;cc;cxx;def;odl;idl;hpj;bat;asm;asmx</Extensions>
    </Filter>
    <Filter Include="ヘッダー ファイル">
      <UniqueIdentifier>{93995380-89BD-4b04-88EB-625FBE52EBFB}</UniqueIdentifier>
      <Extensions>h;hh;hpp;hxx;hm;inl;inc;ipp;xsd</Extensions>
    </Filter>
    <Filter Include="リソース ファイル">
      <UniqueIdentifier>{67DA6AB6-F800-4c08-8B7A-83BB121AAD01}</UniqueIdentifier>
      <Extensions>rc;ico;cur;bmp;dlg;rc2;rct;bin;rgs;gif;jpg;jpeg;jpe;resx;tiff;tif;png;wav;mfcribbon-ms</Extensions>
    </Filter>
    <Filter Include="ヘッダー ファイル\Scene.cpp">
      <UniqueIdentifier>{fc01e79d-7366-4706-9be5-fd4150f5c14b}</UniqueIdentifier>
    </Filter>
    <Filter Include="ソース ファイル\Scene.cpp">
      <UniqueIdentifier>{4faf7253-0f0f-4f39-b952-40c6e6e500b7}</UniqueIdentifier>
    </Filter>
    <Filter Include="ソース ファイル\Scene.cpp\Stage1.cpp">
      <UniqueIdentifier>{17e73b47-8731-452f-89e2-3a0e7d1a5827}</UniqueIdentifier>
    </Filter>
    <Filter Include="ヘッダー ファイル\Scene.cpp\Stage1.h">
      <UniqueIdentifier>{14c7226a-6fc4-43ef-a4f8-ed74b3866f63}</UniqueIdentifier>
    </Filter>
    <Filter Include="ソース ファイル\Scene.cpp\Title.cpp">
      <UniqueIdentifier>{d64e68ae-bb42-47da-840d-d0204ecc97aa}</UniqueIdentifier>
    </Filter>
    <Filter Include="ヘッダー ファイル\Scene.cpp\Title.h">
      <UniqueIdentifier>{180b02d6-f2f8-44c9-a22b-e0db45bf3907}</UniqueIdentifier>
    </Filter>
    <Filter Include="ヘッダー ファイル\Utility.h">
      <UniqueIdentifier>{5517dd08-e6ee-47b6-b1bc-12fe73695f70}</UniqueIdentifier>
    </Filter>
    <Filter Include="ソース ファイル\Utility.cpp">
      <UniqueIdentifier>{1b0d05d4-e7d3-48c6-9f9b-e6615a6b51e8}</UniqueIdentifier>
    </Filter>
    <Filter Include="ソース ファイル\Actor.cpp">
      <UniqueIdentifier>{d1267d8d-b68d-4b83-ade1-605d0ac7e607}</UniqueIdentifier>
    </Filter>
    <Filter Include="ヘッダー ファイル\Actor.h">
      <UniqueIdentifier>{cedd2488-5180-4f5a-9a09-7e5877ad2e53}</UniqueIdentifier>
    </Filter>
  </ItemGroup>
  <ItemGroup>
    <ClCompile Include="main.cpp">
      <Filter>ソース ファイル</Filter>
    </ClCompile>
    <ClCompile Include="Base_Scene.cpp">
      <Filter>ソース ファイル\Scene.cpp</Filter>
    </ClCompile>
    <ClCompile Include="Scene_Manager.cpp">
      <Filter>ソース ファイル\Scene.cpp</Filter>
    </ClCompile>
    <ClCompile Include="Title.cpp">
      <Filter>ソース ファイル\Scene.cpp\Title.cpp</Filter>
    </ClCompile>
    <ClCompile Include="KeyInput.cpp">
      <Filter>ソース ファイル\Utility.cpp</Filter>
    </ClCompile>
    <ClCompile Include="Collision.cpp">
      <Filter>ソース ファイル\Utility.cpp</Filter>
    </ClCompile>
    <ClCompile Include="Stage1.cpp">
      <Filter>ソース ファイル\Scene.cpp\Stage1.cpp</Filter>
    </ClCompile>
    <ClCompile Include="Stage1_1.cpp">
      <Filter>ソース ファイル\Scene.cpp\Stage1.cpp</Filter>
    </ClCompile>
    <ClCompile Include="Stage1_2.cpp">
      <Filter>ソース ファイル\Scene.cpp\Stage1.cpp</Filter>
    </ClCompile>
    <ClCompile Include="Stage1_3.cpp">
      <Filter>ソース ファイル\Scene.cpp\Stage1.cpp</Filter>
    </ClCompile>
    <ClCompile Include="Player.cpp">
      <Filter>ソース ファイル\Actor.cpp</Filter>
    </ClCompile>
    <ClCompile Include="Base_Actor.cpp">
      <Filter>ソース ファイル\Actor.cpp</Filter>
    </ClCompile>
    <ClCompile Include="..\..\..\team_Project仕様\a\Vector2.cpp">
      <Filter>ソース ファイル\Utility.cpp</Filter>
    </ClCompile>
  </ItemGroup>
  <ItemGroup>
    <ClInclude Include="Base_Scene.h">
      <Filter>ヘッダー ファイル\Scene.cpp</Filter>
    </ClInclude>
    <ClInclude Include="Scene_Manager.h">
      <Filter>ヘッダー ファイル\Scene.cpp</Filter>
    </ClInclude>
    <ClInclude Include="Title.h">
      <Filter>ヘッダー ファイル\Scene.cpp\Title.h</Filter>
    </ClInclude>
    <ClInclude Include="KeyInput.h">
      <Filter>ヘッダー ファイル\Utility.h</Filter>
    </ClInclude>
    <ClInclude Include="Collision.h">
      <Filter>ヘッダー ファイル\Utility.h</Filter>
    </ClInclude>
    <ClInclude Include="Stage1.h">
      <Filter>ヘッダー ファイル\Scene.cpp\Stage1.h</Filter>
    </ClInclude>
    <ClInclude Include="Stage1_1.h">
      <Filter>ヘッダー ファイル\Scene.cpp\Stage1.h</Filter>
    </ClInclude>
    <ClInclude Include="Stage1_2.h">
      <Filter>ヘッダー ファイル\Scene.cpp\Stage1.h</Filter>
    </ClInclude>
    <ClInclude Include="Stage1_3.h">
      <Filter>ヘッダー ファイル\Scene.cpp\Stage1.h</Filter>
    </ClInclude>
    <ClInclude Include="Player.h">
      <Filter>ヘッダー ファイル\Actor.h</Filter>
    </ClInclude>
    <ClInclude Include="Base_Actor.h">
      <Filter>ヘッダー ファイル\Actor.h</Filter>
    </ClInclude>
    <ClInclude Include="..\..\..\team_Project仕様\a\Vector2.h">
      <Filter>ヘッダー ファイル\Utility.h</Filter>
    </ClInclude>
  </ItemGroup>
</Project>