<?xml version="1.0" encoding="utf-8"?>
<Project ToolsVersion="4.0" xmlns="http://schemas.microsoft.com/developer/msbuild/2003">
  <ItemGroup>
    <Filter Include="ソース ファイル">
      <UniqueIdentifier>{4FC737F1-C7A5-4376-A066-2A32D752A2FF}</UniqueIdentifier>
      <Extensions>cpp;c;cc;cxx;def;odl;idl;hpj;bat;asm;asmx</Extensions>
    </Filter>
    <Filter Include="ヘッダー ファイル">
      <UniqueIdentifier>{93995380-89BD-4b04-88EB-625FBE52EBFB}</UniqueIdentifier>
      <Extensions>h;hh;hpp;hxx;hm;inl;inc;ipp;xsd</Extensions>
    </Filter>
    <Filter Include="リソース ファイル">
      <UniqueIdentifier>{67DA6AB6-F800-4c08-8B7A-83BB121AAD01}</UniqueIdentifier>
      <Extensions>rc;ico;cur;bmp;dlg;rc2;rct;bin;rgs;gif;jpg;jpeg;jpe;resx;tiff;tif;png;wav;mfcribbon-ms</Extensions>
    </Filter>
    <Filter Include="ソース ファイル\Actor.cpp">
      <UniqueIdentifier>{de666fe2-6530-4fd9-8fc5-1cbe4129ee6f}</UniqueIdentifier>
    </Filter>
    <Filter Include="ヘッダー ファイル\Actor.h">
      <UniqueIdentifier>{bd4885d9-b818-4460-8c70-2feb16628220}</UniqueIdentifier>
    </Filter>
    <Filter Include="ソース ファイル\Item.cpp">
      <UniqueIdentifier>{8040e994-066c-4fe5-83c3-3109380d7ed9}</UniqueIdentifier>
    </Filter>
    <Filter Include="ヘッダー ファイル\Item.h">
      <UniqueIdentifier>{ccb5827f-ef3e-4c26-9c1e-35a64eb11283}</UniqueIdentifier>
    </Filter>
    <Filter Include="ヘッダー ファイル\Utility">
      <UniqueIdentifier>{6c2eaa34-bef7-41e0-ab63-288fd4769497}</UniqueIdentifier>
    </Filter>
    <Filter Include="ソース ファイル\Utility">
      <UniqueIdentifier>{1e5850dd-7b39-480d-a10d-9e6432e08fe0}</UniqueIdentifier>
    </Filter>
    <Filter Include="ヘッダー ファイル\Scene.h">
      <UniqueIdentifier>{2ce8cba7-8ca9-4521-8a26-e268799d1265}</UniqueIdentifier>
    </Filter>
    <Filter Include="ソース ファイル\Scene.cpp">
      <UniqueIdentifier>{436c0287-7eb3-47b1-b10a-4a5109107b6f}</UniqueIdentifier>
    </Filter>
    <Filter Include="ヘッダー ファイル\Scene.h\Stage1">
      <UniqueIdentifier>{905d5be5-5dee-4c6d-bab3-3e9bcb340263}</UniqueIdentifier>
    </Filter>
    <Filter Include="ソース ファイル\Scene.cpp\Stage1.cpp">
      <UniqueIdentifier>{7722efe1-48d4-4e7a-adfb-6e050d2bef3c}</UniqueIdentifier>
    </Filter>
    <Filter Include="ソース ファイル\Scene.cpp\Title.cpp">
      <UniqueIdentifier>{6ba43448-afa4-4d91-8416-344da8786a2b}</UniqueIdentifier>
    </Filter>
    <Filter Include="ヘッダー ファイル\Scene.h\Title.h">
      <UniqueIdentifier>{e6a0fe6d-733f-4d84-9df8-336a549f901c}</UniqueIdentifier>
    </Filter>
  </ItemGroup>
  <ItemGroup>
    <ClCompile Include="main.cpp">
      <Filter>ソース ファイル</Filter>
    </ClCompile>
    <ClCompile Include="Player.cpp">
      <Filter>ソース ファイル\Actor.cpp</Filter>
    </ClCompile>
    <ClCompile Include="KeyInput.cpp">
      <Filter>ソース ファイル\Utility</Filter>
    </ClCompile>
    <ClCompile Include="Collision.cpp">
      <Filter>ソース ファイル\Utility</Filter>
    </ClCompile>
    <ClCompile Include="Stage1_1.cpp">
      <Filter>ソース ファイル\Scene.cpp\Stage1.cpp</Filter>
    </ClCompile>
    <ClCompile Include="Stage1_2.cpp">
      <Filter>ソース ファイル\Scene.cpp\Stage1.cpp</Filter>
    </ClCompile>
    <ClCompile Include="Stage1_3.cpp">
      <Filter>ソース ファイル\Scene.cpp\Stage1.cpp</Filter>
    </ClCompile>
    <ClCompile Include="Stage1.cpp">
      <Filter>ソース ファイル\Scene.cpp\Stage1.cpp</Filter>
    </ClCompile>
    <ClCompile Include="Title.cpp">
      <Filter>ソース ファイル\Scene.cpp\Title.cpp</Filter>
    </ClCompile>
    <ClCompile Include="Vector2.cpp">
      <Filter>ソース ファイル\Utility</Filter>
    </ClCompile>
    <ClCompile Include="Base_Actor.cpp">
      <Filter>ソース ファイル\Actor.cpp</Filter>
    </ClCompile>
    <ClCompile Include="Base_Scene.cpp">
      <Filter>ソース ファイル\Scene.cpp</Filter>
    </ClCompile>
    <ClCompile Include="Scene_Manager.cpp">
      <Filter>ソース ファイル\Scene.cpp</Filter>
    </ClCompile>
  </ItemGroup>
  <ItemGroup>
    <ClInclude Include="Player.h">
      <Filter>ヘッダー ファイル\Actor.h</Filter>
    </ClInclude>
    <ClInclude Include="KeyInput.h">
      <Filter>ヘッダー ファイル\Utility</Filter>
    </ClInclude>
    <ClInclude Include="Collision.h">
      <Filter>ヘッダー ファイル\Utility</Filter>
    </ClInclude>
    <ClInclude Include="Stage1_1.h">
      <Filter>ヘッダー ファイル\Scene.h\Stage1</Filter>
    </ClInclude>
    <ClInclude Include="Stage1_3.h">
      <Filter>ヘッダー ファイル\Scene.h\Stage1</Filter>
    </ClInclude>
    <ClInclude Include="Stage1_2.h">
      <Filter>ヘッダー ファイル\Scene.h\Stage1</Filter>
    </ClInclude>
    <ClInclude Include="Stage1.h">
      <Filter>ヘッダー ファイル\Scene.h\Stage1</Filter>
    </ClInclude>
    <ClInclude Include="Title.h">
      <Filter>ヘッダー ファイル\Scene.h\Title.h</Filter>
    </ClInclude>
    <ClInclude Include="Vector2.h">
      <Filter>ヘッダー ファイル\Utility</Filter>
    </ClInclude>
    <ClInclude Include="Base_Actor.h">
      <Filter>ヘッダー ファイル\Actor.h</Filter>
    </ClInclude>
    <ClInclude Include="Base_Scene.h">
      <Filter>ヘッダー ファイル\Scene.h</Filter>
    </ClInclude>
    <ClInclude Include="Scene_Manager.h">
      <Filter>ヘッダー ファイル\Scene.h</Filter>
    </ClInclude>
  </ItemGroup>
</Project>